
Microsoft Visual Studio Solution File, Format Version 12.00
# Visual Studio Version 16
VisualStudioVersion = 16.0.34301.259
MinimumVisualStudioVersion = 10.0.40219.1
Project("{FAE04EC0-301F-11D3-BF4B-00C04F79EFBC}") = "VPtestProject", "VPtestProject\VPtestProject.csproj", "{24544FAC-6A0A-4CEF-8CFA-787E07986CEE}"
EndProject
Global
	GlobalSection(SolutionConfigurationPlatforms) = preSolution
		Debug|Any CPU = Debug|Any CPU
		Release|Any CPU = Release|Any CPU
	EndGlobalSection
	GlobalSection(ProjectConfigurationPlatforms) = postSolution
		{24544FAC-6A0A-4CEF-8CFA-787E07986CEE}.Debug|Any CPU.ActiveCfg = Debug|Any CPU
		{24544FAC-6A0A-4CEF-8CFA-787E07986CEE}.Debug|Any CPU.Build.0 = Debug|Any CPU
		{24544FAC-6A0A-4CEF-8CFA-787E07986CEE}.Release|Any CPU.ActiveCfg = Release|Any CPU
		{24544FAC-6A0A-4CEF-8CFA-787E07986CEE}.Release|Any CPU.Build.0 = Release|Any CPU
	EndGlobalSection
	GlobalSection(SolutionProperties) = preSolution
		HideSolutionNode = FALSE
	EndGlobalSection
	GlobalSection(ExtensibilityGlobals) = postSolution
		SolutionGuid = {94AE64E5-4414-422D-A598-C13D30E77650}
	EndGlobalSection
EndGlobal
